github.com/davecgh/go-spew v1.1.1/go.mod h1:J7Y8YcW2NihsgmVo/mv3lAwl/skON4iLHjSsI+c5H38=
github.com/inspirer/textmapper v0.0.0-20181224220124-bad2c4921a6b/go.mod h1:SpoIwXu07A3gguovN379QUCTHpUk1lhX2KIjVxpQOas=
github.com/inspirer/textmapper v0.0.0-20190101225825-ae0b38e27780 h1:pw08V8HYitrJVu78g/A0qeKP4n88/z/4xryA3i6NY58=
github.com/inspirer/textmapper v0.0.0-20190101225825-ae0b38e27780/go.mod h1:SpoIwXu07A3gguovN379QUCTHpUk1lhX2KIjVxpQOas=
github.com/kr/pretty v0.1.0 h1:L/CwN0zerZDmRFUapSPitk6f+Q3+0za1rQkzVuMiMFI=
github.com/kr/pretty v0.1.0/go.mod h1:dAy3ld7l9f0ibDNOQOHHMYYIIbhfbHSm3C4ZsoJORNo=
github.com/kr/pty v1.1.1/go.mod h1:pFQYn66WHrOpPYNljwOMqo10TkYh1fy3cYio2l3bCsQ=
github.com/kr/text v0.1.0 h1:45sCR5RtlFHMR4UwH9sdQ5TC8v0qDQCHnXt+kaKSTVE=
github.com/kr/text v0.1.0/go.mod h1:4Jbv+DJW3UT/LiOwJeYQe1efqtUx/iVham/4vfdArNI=
github.com/llir/ll v0.0.0-20190101214934-d9b443a40870 h1:DSsVvRMBVpcLvpMrQtPEE7Ld/8601iqtVGv9a9neMCk=
github.com/llir/ll v0.0.0-20190101214934-d9b443a40870/go.mod h1:QSnTUqiZQX2N59KdP8TIEveBZldlGN7ypCN3fiie5WA=
github.com/llir/llvm v0.3.0-pre7 h1:zTzXeXXNVllvHlPS9hIy56A0Nvu2qC4ouh0z8vHvw8g=
github.com/llir/llvm v0.3.0-pre7/go.mod h1:cjDv5v+hXwGbEFpgg/wrrKc3Taq7PLwJUF9RHr/GIDU=
github.com/mewkiz/pkg v0.0.0-20181231041609-5720a0c5985d h1:XZYaJp18ZgsSPTgsELqyfedkxkzLnb6luMFQVn6XXDY=
github.com/mewkiz/pkg v0.0.0-20181231041609-5720a0c5985d/go.mod h1:bhmdGJSMX5WCIBFmk27tBnUvBJm5WxXmarBV41qvbNI=
github.com/mewmew/float v0.0.0-20181121163145-c0f786d7da73 h1:bTqCgPsW3TFb9MFtvaOmGFWVhCmN3EmRw02zkchdOHo=
github.com/mewmew/float v0.0.0-20181121163145-c0f786d7da73/go.mod h1:obQBs6O+vjhgOZLkGdALxItKw4xrI49lSBEnAMO6lWI=
github.com/mewspring/tools v0.0.0-20181204020634-6c6637dc82b6 h1:J/FwQ6PvTeHbDkhGt+nDlIXXGRdXUCqVdL85tmHflAg=
github.com/mewspring/tools v0.0.0-20181204020634-6c6637dc82b6/go.mod h1:UAdVbSksr+7Bg+z4mga16OaBg3qAcgdaF3x3AeqJHEs=
github.com/pkg/errors v0.8.0 h1:WdK/asTD0HN+q6hsWO3/vpuAkAr+tw6aNJNDFFf0+qw=
github.com/pkg/errors v0.8.0/go.mod h1:bwawxfHBFNV+L2hUp1rHADufV3IMtnDRdf1r5NINEl0=
github.com/pmezard/go-difflib v1.0.0/go.mod h1:iKH77koFhYxTK1pcRnkKkqfTogsbg7gZNVY4sRDYZ/4=
github.com/rickypai/natsort v0.0.0-20180124032556-f194e6bd5b0c h1:wq5MmT1Whub72MXlR2I5jWTQ3Q5wkNXnVBY21Q3Qzis=
github.com/rickypai/natsort v0.0.0-20180124032556-f194e6bd5b0c/go.mod h1:ECfieXu+EwvGnmpzRZvaAN0U/Jese1LX/BqX3HF1Kl0=
github.com/sergi/go-diff v1.0.0/go.mod h1:0CfEIISq7TuYL3j771MWULgwwjU+GofnZX9QAmXWZgo=
github.com/stretchr/testify v1.2.2/go.mod h1:a8OnRcib4nhh0OaRAV+Yts87kKdq0PP7pXfy6kDkUVs=
github.com/yuin/goldmark v1.1.27/go.mod h1:3hX8gzYuyVAZsxl0MRgGTJEmQBFcNTphYh9decYSb74=
golang.org/x/crypto v0.0.0-20190308221718-c2843e01d9a2/go.mod h1:djNgcEr1/C05ACkg1iLfiJU5Ep61QUkGW8qpdssI0+w=
golang.org/x/crypto v0.0.0-20191011191535-87dc89f01550/go.mod h1:yigFU9vqHzYiE8UmvKecakEJjdnWj3jj499lnFckfCI=
golang.org/x/mod v0.2.0 h1:KU7oHjnv3XNWfa5COkzUifxZmxp1TyI7ImMXqFxLwvQ=
golang.org/x/mod v0.2.0/go.mod h1:s0Qsj1ACt9ePp/hMypM3fl4fZqREWJwdYDEqhRiZZUA=
golang.org/x/net v0.0.0-20190404232315-eb5bcb51f2a3/go.mod h1:t9HGtf8HONx5eT2rtn7q6eTqICYqUVnKs3thJo3Qplg=
golang.org/x/net v0.0.0-20190620200207-3b0461eec859/go.mod h1:z5CRVTTTmAJ677TzLLGU+0bjPO0LkuOLi4/5GtJWs/s=
golang.org/x/net v0.0.0-20200226121028-0de0cce0169b/go.mod h1:z5CRVTTTmAJ677TzLLGU+0bjPO0LkuOLi4/5GtJWs/s=
golang.org/x/sync v0.0.0-20190423024810-112230192c58/go.mod h1:RxMgew5VJxzue5/jJTE5uejpjVlOe/izrB70Jof72aM=
golang.org/x/sync v0.0.0-20190911185100-cd5d95a43a6e/go.mod h1:RxMgew5VJxzue5/jJTE5uejpjVlOe/izrB70Jof72aM=
golang.org/x/sys v0.0.0-20190215142949-d0b11bdaac8a/go.mod h1:STP8DvDyc/dI5b8T5hshtkjS+E42TnysNCUPdjciGhY=
golang.org/x/sys v0.0.0-20190412213103-97732733099d/go.mod h1:h1NjWce9XRLGQEsW7wpKNCjG9DtNlClVuFLEZdDNbEs=
golang.org/x/text v0.3.0/go.mod h1:NqM8EUOU14njkJ3fqMW+pc6Ldnwhi/IjpwHt7yyuwOQ=
golang.org/x/tools v0.0.0-20190102213336-ca9055ed7d04/go.mod h1:n7NCudcB/nEzxVGmLbDWY5pfWTLqBcC2KZ6jyYvM4mQ=
golang.org/x/tools v0.0.0-20191119224855-298f0cb1881e/go.mod h1:b+2E5dAYhXwXZwtnZ6UAqBI28+e2cm9otk0dWdXHAEo=
golang.org/x/tools v0.0.0-20200609164405-eb789aa7ce50 h1:59syOWj4+Fl+op4LL8fX1kO7HmbdEWfxlw4tcGvH+y0=
golang.org/x/tools v0.0.0-20200609164405-eb789aa7ce50/go.mod h1:EkVYQZoAsY45+roYkvgYkIh4xh/qjgUK9TdY2XT94GE=
golang.org/x/xerrors v0.0.0-20190717185122-a985d3407aa7/go.mod h1:I/5z698sn9Ka8TeJc9MKroUUfqBBauWjQqLJ2OPfmY0=
golang.org/x/xerrors v0.0.0-20191011141410-1b5146add898/go.mod h1:I/5z698sn9Ka8TeJc9MKroUUfqBBauWjQqLJ2OPfmY0=
golang.org/x/xerrors v0.0.0-20191204190536-9bdfabe68543 h1:E7g+9GITq07hpfrRu66IVDexMakfv52eLZ2CXBWiKr4=
golang.org/x/xerrors v0.0.0-20191204190536-9bdfabe68543/go.mod h1:I/5z698sn9Ka8TeJc9MKroUUfqBBauWjQqLJ2OPfmY0=
